
Microsoft Visual Studio Solution File, Format Version 11.00
# Visual Studio 2010
Project("{FAE04EC0-301F-11D3-BF4B-00C04F79EFBC}") = "AccesoDatos", "..\CTGWebAppClassesVS2010\AccesoDatos\AccesoDatos.csproj", "{F2FE322C-CE24-4A37-941F-2551E77170B2}"
EndProject
Project("{FAE04EC0-301F-11D3-BF4B-00C04F79EFBC}") = "Brevetacion", "..\CTGWebAppClassesVS2010\Brevetacion\Brevetacion.csproj", "{1404D347-29DD-417F-9C91-E40681C3D7FB}"
EndProject
Project("{FAE04EC0-301F-11D3-BF4B-00C04F79EFBC}") = "wsSIS911", "wsSIS911\wsSIS911.csproj", "{EC79E44F-BA75-441A-BC45-AF0507BD877B}"
EndProject
Project("{FAE04EC0-301F-11D3-BF4B-00C04F79EFBC}") = "Matriculacion", "..\CTGWebAppClassesVS2010\Matriculacion\Matriculacion.csproj", "{0D95FD9F-DBA8-4133-B45E-D94196D33DAC}"
EndProject
Project("{FAE04EC0-301F-11D3-BF4B-00C04F79EFBC}") = "Constantes", "..\CTGWebAppClassesVS2010\Constantes\Constantes.csproj", "{BC38F8BC-F695-4EAC-B411-6922AEF9A998}"
EndProject
Project("{FAE04EC0-301F-11D3-BF4B-00C04F79EFBC}") = "SeguridadWebAppInt", "..\CTGWebAppClassesVS2010\SeguridadWebAppInt\SeguridadWebAppInt.csproj", "{77F2432E-7D83-42F7-B076-20F9E76CC52C}"
EndProject
Project("{FAE04EC0-301F-11D3-BF4B-00C04F79EFBC}") = "CifradoCs", "..\CTGWebAppClassesVS2010\CifradoCs\CifradoCs.csproj", "{5F3E85F4-85EC-4EE1-9A70-AC9DFCF6C281}"
EndProject
Global
	GlobalSection(SolutionConfigurationPlatforms) = preSolution
		Debug|Any CPU = Debug|Any CPU
		Release|Any CPU = Release|Any CPU
	EndGlobalSection
	GlobalSection(ProjectConfigurationPlatforms) = postSolution
		{F2FE322C-CE24-4A37-941F-2551E77170B2}.Debug|Any CPU.ActiveCfg = Debug|Any CPU
		{F2FE322C-CE24-4A37-941F-2551E77170B2}.Debug|Any CPU.Build.0 = Debug|Any CPU
		{F2FE322C-CE24-4A37-941F-2551E77170B2}.Release|Any CPU.ActiveCfg = Release|Any CPU
		{F2FE322C-CE24-4A37-941F-2551E77170B2}.Release|Any CPU.Build.0 = Release|Any CPU
		{1404D347-29DD-417F-9C91-E40681C3D7FB}.Debug|Any CPU.ActiveCfg = Debug|Any CPU
		{1404D347-29DD-417F-9C91-E40681C3D7FB}.Debug|Any CPU.Build.0 = Debug|Any CPU
		{1404D347-29DD-417F-9C91-E40681C3D7FB}.Release|Any CPU.ActiveCfg = Release|Any CPU
		{1404D347-29DD-417F-9C91-E40681C3D7FB}.Release|Any CPU.Build.0 = Release|Any CPU
		{EC79E44F-BA75-441A-BC45-AF0507BD877B}.Debug|Any CPU.ActiveCfg = Debug|Any CPU
		{EC79E44F-BA75-441A-BC45-AF0507BD877B}.Debug|Any CPU.Build.0 = Debug|Any CPU
		{EC79E44F-BA75-441A-BC45-AF0507BD877B}.Release|Any CPU.ActiveCfg = Release|Any CPU
		{EC79E44F-BA75-441A-BC45-AF0507BD877B}.Release|Any CPU.Build.0 = Release|Any CPU
		{0D95FD9F-DBA8-4133-B45E-D94196D33DAC}.Debug|Any CPU.ActiveCfg = Debug|Any CPU
		{0D95FD9F-DBA8-4133-B45E-D94196D33DAC}.Debug|Any CPU.Build.0 = Debug|Any CPU
		{0D95FD9F-DBA8-4133-B45E-D94196D33DAC}.Release|Any CPU.ActiveCfg = Release|Any CPU
		{0D95FD9F-DBA8-4133-B45E-D94196D33DAC}.Release|Any CPU.Build.0 = Release|Any CPU
		{BC38F8BC-F695-4EAC-B411-6922AEF9A998}.Debug|Any CPU.ActiveCfg = Debug|Any CPU
		{BC38F8BC-F695-4EAC-B411-6922AEF9A998}.Debug|Any CPU.Build.0 = Debug|Any CPU
		{BC38F8BC-F695-4EAC-B411-6922AEF9A998}.Release|Any CPU.ActiveCfg = Release|Any CPU
		{BC38F8BC-F695-4EAC-B411-6922AEF9A998}.Release|Any CPU.Build.0 = Release|Any CPU
		{77F2432E-7D83-42F7-B076-20F9E76CC52C}.Debug|Any CPU.ActiveCfg = Debug|Any CPU
		{77F2432E-7D83-42F7-B076-20F9E76CC52C}.Debug|Any CPU.Build.0 = Debug|Any CPU
		{77F2432E-7D83-42F7-B076-20F9E76CC52C}.Release|Any CPU.ActiveCfg = Release|Any CPU
		{77F2432E-7D83-42F7-B076-20F9E76CC52C}.Release|Any CPU.Build.0 = Release|Any CPU
		{5F3E85F4-85EC-4EE1-9A70-AC9DFCF6C281}.Debug|Any CPU.ActiveCfg = Debug|Any CPU
		{5F3E85F4-85EC-4EE1-9A70-AC9DFCF6C281}.Debug|Any CPU.Build.0 = Debug|Any CPU
		{5F3E85F4-85EC-4EE1-9A70-AC9DFCF6C281}.Release|Any CPU.ActiveCfg = Release|Any CPU
		{5F3E85F4-85EC-4EE1-9A70-AC9DFCF6C281}.Release|Any CPU.Build.0 = Release|Any CPU
	EndGlobalSection
	GlobalSection(SolutionProperties) = preSolution
		HideSolutionNode = FALSE
	EndGlobalSection
EndGlobal
