
Microsoft Visual Studio Solution File, Format Version 11.00
# Visual Studio 2010
Project("{FAE04EC0-301F-11D3-BF4B-00C04F79EFBC}") = "AccesoDatos", "..\CTGWebAppClassesVS2010\AccesoDatos\AccesoDatos.csproj", "{F2FE322C-CE24-4A37-941F-2551E77170B2}"
EndProject
Project("{E24C65DC-7377-472B-9ABA-BC803B73C61A}") = "ConcursoTTDuran", "http://localhost/ConcursoTTDuran", "{D38E84D9-053F-4F2B-97BA-B95FEC0854DA}"
	ProjectSection(WebsiteProperties) = preProject
		TargetFrameworkMoniker = ".NETFramework,Version%3Dv4.0"
		ProjectReferences = "{ED2F2D38-4E7E-459A-9C9E-6268CEECFC16}|HtmlWriter.dll;{BC38F8BC-F695-4EAC-B411-6922AEF9A998}|Constantes.dll;{F2FE322C-CE24-4A37-941F-2551E77170B2}|AccesoDatos.dll;{FF41DB83-BC78-4E9B-A11C-8500FA96696B}|TTDuran.dll;"
		Debug.AspNetCompiler.VirtualPath = "/ConcursoTTDuran"
		Debug.AspNetCompiler.PhysicalPath = "WebApp\ConcursoTTDuran\"
		Debug.AspNetCompiler.TargetPath = "PrecompiledWeb\ConcursoTTDuran\"
		Debug.AspNetCompiler.Updateable = "true"
		Debug.AspNetCompiler.ForceOverwrite = "true"
		Debug.AspNetCompiler.FixedNames = "false"
		Debug.AspNetCompiler.Debug = "True"
		Release.AspNetCompiler.VirtualPath = "/ConcursoTTDuran"
		Release.AspNetCompiler.PhysicalPath = "WebApp\ConcursoTTDuran\"
		Release.AspNetCompiler.TargetPath = "PrecompiledWeb\ConcursoTTDuran\"
		Release.AspNetCompiler.Updateable = "true"
		Release.AspNetCompiler.ForceOverwrite = "true"
		Release.AspNetCompiler.FixedNames = "false"
		Release.AspNetCompiler.Debug = "False"
		SlnRelativePath = "..\..\inetpub\wwwroot\ConcursoTTDuran\"
		DefaultWebSiteLanguage = "Visual C#"
	EndProjectSection
EndProject
Project("{FAE04EC0-301F-11D3-BF4B-00C04F79EFBC}") = "HtmlWriter", "..\CTGWebAppClassesVS2010\HtmlWriter\HtmlWriter.csproj", "{ED2F2D38-4E7E-459A-9C9E-6268CEECFC16}"
EndProject
Project("{FAE04EC0-301F-11D3-BF4B-00C04F79EFBC}") = "Constantes", "..\CTGWebAppClassesVS2010\Constantes\Constantes.csproj", "{BC38F8BC-F695-4EAC-B411-6922AEF9A998}"
EndProject
Project("{FAE04EC0-301F-11D3-BF4B-00C04F79EFBC}") = "TTDuran", "TTDuran\TTDuran.csproj", "{FF41DB83-BC78-4E9B-A11C-8500FA96696B}"
EndProject
Global
	GlobalSection(SolutionConfigurationPlatforms) = preSolution
		Debug|Any CPU = Debug|Any CPU
		Release|Any CPU = Release|Any CPU
	EndGlobalSection
	GlobalSection(ProjectConfigurationPlatforms) = postSolution
		{F2FE322C-CE24-4A37-941F-2551E77170B2}.Debug|Any CPU.ActiveCfg = Debug|Any CPU
		{F2FE322C-CE24-4A37-941F-2551E77170B2}.Debug|Any CPU.Build.0 = Debug|Any CPU
		{F2FE322C-CE24-4A37-941F-2551E77170B2}.Release|Any CPU.ActiveCfg = Release|Any CPU
		{F2FE322C-CE24-4A37-941F-2551E77170B2}.Release|Any CPU.Build.0 = Release|Any CPU
		{D38E84D9-053F-4F2B-97BA-B95FEC0854DA}.Debug|Any CPU.ActiveCfg = Debug|Any CPU
		{D38E84D9-053F-4F2B-97BA-B95FEC0854DA}.Debug|Any CPU.Build.0 = Debug|Any CPU
		{D38E84D9-053F-4F2B-97BA-B95FEC0854DA}.Release|Any CPU.ActiveCfg = Debug|Any CPU
		{D38E84D9-053F-4F2B-97BA-B95FEC0854DA}.Release|Any CPU.Build.0 = Debug|Any CPU
		{ED2F2D38-4E7E-459A-9C9E-6268CEECFC16}.Debug|Any CPU.ActiveCfg = Debug|Any CPU
		{ED2F2D38-4E7E-459A-9C9E-6268CEECFC16}.Debug|Any CPU.Build.0 = Debug|Any CPU
		{ED2F2D38-4E7E-459A-9C9E-6268CEECFC16}.Release|Any CPU.ActiveCfg = Release|Any CPU
		{ED2F2D38-4E7E-459A-9C9E-6268CEECFC16}.Release|Any CPU.Build.0 = Release|Any CPU
		{BC38F8BC-F695-4EAC-B411-6922AEF9A998}.Debug|Any CPU.ActiveCfg = Debug|Any CPU
		{BC38F8BC-F695-4EAC-B411-6922AEF9A998}.Debug|Any CPU.Build.0 = Debug|Any CPU
		{BC38F8BC-F695-4EAC-B411-6922AEF9A998}.Release|Any CPU.ActiveCfg = Release|Any CPU
		{BC38F8BC-F695-4EAC-B411-6922AEF9A998}.Release|Any CPU.Build.0 = Release|Any CPU
		{FF41DB83-BC78-4E9B-A11C-8500FA96696B}.Debug|Any CPU.ActiveCfg = Debug|Any CPU
		{FF41DB83-BC78-4E9B-A11C-8500FA96696B}.Debug|Any CPU.Build.0 = Debug|Any CPU
		{FF41DB83-BC78-4E9B-A11C-8500FA96696B}.Release|Any CPU.ActiveCfg = Release|Any CPU
		{FF41DB83-BC78-4E9B-A11C-8500FA96696B}.Release|Any CPU.Build.0 = Release|Any CPU
	EndGlobalSection
	GlobalSection(SolutionProperties) = preSolution
		HideSolutionNode = FALSE
	EndGlobalSection
EndGlobal
