
Microsoft Visual Studio Solution File, Format Version 9.00
# Visual Studio 2005
Project("{FAE04EC0-301F-11D3-BF4B-00C04F79EFBC}") = "CaptchaImage", "CaptchaImage.csproj", "{66A6ECC3-BC72-4E41-8683-8633E9A5D0B6}"
EndProject
Global
	GlobalSection(SolutionConfigurationPlatforms) = preSolution
		Debug|Any CPU = Debug|Any CPU
		Release|Any CPU = Release|Any CPU
	EndGlobalSection
	GlobalSection(ProjectConfigurationPlatforms) = postSolution
		{66A6ECC3-BC72-4E41-8683-8633E9A5D0B6}.Debug|Any CPU.ActiveCfg = Debug|Any CPU
		{66A6ECC3-BC72-4E41-8683-8633E9A5D0B6}.Debug|Any CPU.Build.0 = Debug|Any CPU
		{66A6ECC3-BC72-4E41-8683-8633E9A5D0B6}.Release|Any CPU.ActiveCfg = Release|Any CPU
		{66A6ECC3-BC72-4E41-8683-8633E9A5D0B6}.Release|Any CPU.Build.0 = Release|Any CPU
	EndGlobalSection
	GlobalSection(SolutionProperties) = preSolution
		HideSolutionNode = FALSE
	EndGlobalSection
EndGlobal
