
Microsoft Visual Studio Solution File, Format Version 11.00
# Visual Studio 2010
Project("{FAE04EC0-301F-11D3-BF4B-00C04F79EFBC}") = "AccesoDatos", "..\CTGWebAppClassesVS2010\AccesoDatos\AccesoDatos.csproj", "{F2FE322C-CE24-4A37-941F-2551E77170B2}"
EndProject
Project("{E24C65DC-7377-472B-9ABA-BC803B73C61A}") = "SIT", "http://localhost/SIT", "{C257637F-5206-45B8-BB00-4375F7CC5CD6}"
	ProjectSection(WebsiteProperties) = preProject
		TargetFrameworkMoniker = ".NETFramework,Version%3Dv4.0"
		Debug.AspNetCompiler.VirtualPath = "/SIT"
		Debug.AspNetCompiler.PhysicalPath = "WebApps\SIT\"
		Debug.AspNetCompiler.TargetPath = "PrecompiledWeb\SIT\"
		Debug.AspNetCompiler.Updateable = "true"
		Debug.AspNetCompiler.ForceOverwrite = "true"
		Debug.AspNetCompiler.FixedNames = "false"
		Debug.AspNetCompiler.Debug = "True"
		Release.AspNetCompiler.VirtualPath = "/SIT"
		Release.AspNetCompiler.PhysicalPath = "WebApps\SIT\"
		Release.AspNetCompiler.TargetPath = "PrecompiledWeb\SIT\"
		Release.AspNetCompiler.Updateable = "true"
		Release.AspNetCompiler.ForceOverwrite = "true"
		Release.AspNetCompiler.FixedNames = "false"
		Release.AspNetCompiler.Debug = "False"
		SlnRelativePath = "..\..\inetpub\wwwroot\SIT\"
		DefaultWebSiteLanguage = "Visual C#"
	EndProjectSection
EndProject
Project("{FAE04EC0-301F-11D3-BF4B-00C04F79EFBC}") = "DatosUVC", "..\CTGWebAppClassesVS2010\DatosUVC\DatosUVC.csproj", "{A3CB20CD-9BFE-418C-807C-602A84841404}"
EndProject
Project("{FAE04EC0-301F-11D3-BF4B-00C04F79EFBC}") = "Constantes", "..\CTGWebAppClassesVS2010\Constantes\Constantes.csproj", "{BC38F8BC-F695-4EAC-B411-6922AEF9A998}"
EndProject
Global
	GlobalSection(SolutionConfigurationPlatforms) = preSolution
		Debug|Any CPU = Debug|Any CPU
		Release|Any CPU = Release|Any CPU
	EndGlobalSection
	GlobalSection(ProjectConfigurationPlatforms) = postSolution
		{F2FE322C-CE24-4A37-941F-2551E77170B2}.Debug|Any CPU.ActiveCfg = Debug|Any CPU
		{F2FE322C-CE24-4A37-941F-2551E77170B2}.Debug|Any CPU.Build.0 = Debug|Any CPU
		{F2FE322C-CE24-4A37-941F-2551E77170B2}.Release|Any CPU.ActiveCfg = Release|Any CPU
		{F2FE322C-CE24-4A37-941F-2551E77170B2}.Release|Any CPU.Build.0 = Release|Any CPU
		{C257637F-5206-45B8-BB00-4375F7CC5CD6}.Debug|Any CPU.ActiveCfg = Debug|Any CPU
		{C257637F-5206-45B8-BB00-4375F7CC5CD6}.Debug|Any CPU.Build.0 = Debug|Any CPU
		{C257637F-5206-45B8-BB00-4375F7CC5CD6}.Release|Any CPU.ActiveCfg = Debug|Any CPU
		{C257637F-5206-45B8-BB00-4375F7CC5CD6}.Release|Any CPU.Build.0 = Debug|Any CPU
		{A3CB20CD-9BFE-418C-807C-602A84841404}.Debug|Any CPU.ActiveCfg = Debug|Any CPU
		{A3CB20CD-9BFE-418C-807C-602A84841404}.Debug|Any CPU.Build.0 = Debug|Any CPU
		{A3CB20CD-9BFE-418C-807C-602A84841404}.Release|Any CPU.ActiveCfg = Release|Any CPU
		{A3CB20CD-9BFE-418C-807C-602A84841404}.Release|Any CPU.Build.0 = Release|Any CPU
		{BC38F8BC-F695-4EAC-B411-6922AEF9A998}.Debug|Any CPU.ActiveCfg = Debug|Any CPU
		{BC38F8BC-F695-4EAC-B411-6922AEF9A998}.Debug|Any CPU.Build.0 = Debug|Any CPU
		{BC38F8BC-F695-4EAC-B411-6922AEF9A998}.Release|Any CPU.ActiveCfg = Release|Any CPU
		{BC38F8BC-F695-4EAC-B411-6922AEF9A998}.Release|Any CPU.Build.0 = Release|Any CPU
	EndGlobalSection
	GlobalSection(SolutionProperties) = preSolution
		HideSolutionNode = FALSE
	EndGlobalSection
EndGlobal
