
Microsoft Visual Studio Solution File, Format Version 11.00
# Visual Studio 2010
Project("{E24C65DC-7377-472B-9ABA-BC803B73C61A}") = "PortalTrx", "http://localhost/PortalTrx", "{3A861CF2-0FFE-4764-AB58-45CAA11B4081}"
	ProjectSection(WebsiteProperties) = preProject
		TargetFrameworkMoniker = ".NETFramework,Version%3Dv4.0"
		ProjectReferences = "{5F3E85F4-85EC-4EE1-9A70-AC9DFCF6C281}|CifradoCs.dll;{F2FE322C-CE24-4A37-941F-2551E77170B2}|AccesoDatos.dll;{543898B2-2C62-4916-B7BC-063A79FCECB0}|Seguridad.dll;{D31D319B-E918-4E36-8A89-CB7360506783}|Utilities.dll;{66A6ECC3-BC72-4E41-8683-8633E9A5D0B6}|CaptchaImage.dll;{ED2F2D38-4E7E-459A-9C9E-6268CEECFC16}|HtmlWriter.dll;{1404D347-29DD-417F-9C91-E40681C3D7FB}|Brevetacion.dll;{721ECC83-A7F8-4837-85A9-19CD3C6B4F88}|Citaciones.dll;{0D95FD9F-DBA8-4133-B45E-D94196D33DAC}|Matriculacion.dll;{B75BB757-3454-4CEE-B150-0F56D9E44330}|Canchon.dll;{2773D7DB-A17F-479E-ACD6-0CE02E793F19}|ComprobanteElectronicoPago.dll;{D39C6D4A-915B-4CD6-AAE3-EDAE4D64A7C4}|CorreosDelEcuador.dll;{F93C7C55-7590-45B8-876D-6F1D85B141CC}|ReporteTramite.dll;{ECD65F2A-2011-42E9-A5FB-7FD999E9D391}|Usuario.dll;{BC38F8BC-F695-4EAC-B411-6922AEF9A998}|Constantes.dll;{835C9518-C7FD-4AD0-9868-36162D19668C}|OptionDropDownList.dll;"
		Debug.AspNetCompiler.VirtualPath = "/PortalTrx"
		Debug.AspNetCompiler.PhysicalPath = "..\..\inetpub\wwwroot\PortalTrx\"
		Debug.AspNetCompiler.TargetPath = "PrecompiledWeb\PortalTrx\"
		Debug.AspNetCompiler.Updateable = "true"
		Debug.AspNetCompiler.ForceOverwrite = "true"
		Debug.AspNetCompiler.FixedNames = "false"
		Debug.AspNetCompiler.Debug = "True"
		Release.AspNetCompiler.VirtualPath = "/PortalTrx"
		Release.AspNetCompiler.PhysicalPath = "..\..\inetpub\wwwroot\PortalTrx\"
		Release.AspNetCompiler.TargetPath = "PrecompiledWeb\PortalTrx\"
		Release.AspNetCompiler.Updateable = "true"
		Release.AspNetCompiler.ForceOverwrite = "true"
		Release.AspNetCompiler.FixedNames = "false"
		Release.AspNetCompiler.Debug = "False"
		SlnRelativePath = "..\..\inetpub\wwwroot\PortalTrx\"
		DefaultWebSiteLanguage = "Visual C#"
	EndProjectSection
EndProject
Project("{FAE04EC0-301F-11D3-BF4B-00C04F79EFBC}") = "AccesoDatos", "..\CTGWebAppClassesVS2010\AccesoDatos\AccesoDatos.csproj", "{F2FE322C-CE24-4A37-941F-2551E77170B2}"
EndProject
Project("{FAE04EC0-301F-11D3-BF4B-00C04F79EFBC}") = "CifradoCs", "..\CTGWebAppClassesVS2010\CifradoCs\CifradoCs.csproj", "{5F3E85F4-85EC-4EE1-9A70-AC9DFCF6C281}"
EndProject
Project("{FAE04EC0-301F-11D3-BF4B-00C04F79EFBC}") = "Constantes", "..\CTGWebAppClassesVS2010\Constantes\Constantes.csproj", "{BC38F8BC-F695-4EAC-B411-6922AEF9A998}"
EndProject
Project("{FAE04EC0-301F-11D3-BF4B-00C04F79EFBC}") = "Seguridad", "..\CTGWebAppClassesVS2010\Seguridad\Seguridad.csproj", "{543898B2-2C62-4916-B7BC-063A79FCECB0}"
EndProject
Project("{FAE04EC0-301F-11D3-BF4B-00C04F79EFBC}") = "Utilities", "..\CTGWebAppClassesVS2010\Utilities\Utilities.csproj", "{D31D319B-E918-4E36-8A89-CB7360506783}"
EndProject
Project("{FAE04EC0-301F-11D3-BF4B-00C04F79EFBC}") = "CaptchaImage", "..\CTGWebAppClassesVS2010\CaptchaImage\CaptchaImage.csproj", "{66A6ECC3-BC72-4E41-8683-8633E9A5D0B6}"
EndProject
Project("{FAE04EC0-301F-11D3-BF4B-00C04F79EFBC}") = "HtmlWriter", "HtmlWriter\HtmlWriter.csproj", "{ED2F2D38-4E7E-459A-9C9E-6268CEECFC16}"
EndProject
Project("{FAE04EC0-301F-11D3-BF4B-00C04F79EFBC}") = "Brevetacion", "..\CTGWebAppClassesVS2010\Brevetacion\Brevetacion.csproj", "{1404D347-29DD-417F-9C91-E40681C3D7FB}"
EndProject
Project("{FAE04EC0-301F-11D3-BF4B-00C04F79EFBC}") = "Citaciones", "..\CTGWebAppClassesVS2010\Citaciones\Citaciones.csproj", "{721ECC83-A7F8-4837-85A9-19CD3C6B4F88}"
EndProject
Project("{FAE04EC0-301F-11D3-BF4B-00C04F79EFBC}") = "Matriculacion", "..\CTGWebAppClassesVS2010\Matriculacion\Matriculacion.csproj", "{0D95FD9F-DBA8-4133-B45E-D94196D33DAC}"
EndProject
Project("{FAE04EC0-301F-11D3-BF4B-00C04F79EFBC}") = "Canchon", "..\CTGWebAppClassesVS2010\Canchon\Canchon.csproj", "{B75BB757-3454-4CEE-B150-0F56D9E44330}"
EndProject
Project("{FAE04EC0-301F-11D3-BF4B-00C04F79EFBC}") = "ComprobanteElectronicoPago", "..\CTGWebAppClassesVS2010\ComprobanteElectronicoPago\ComprobanteElectronicoPago.csproj", "{2773D7DB-A17F-479E-ACD6-0CE02E793F19}"
EndProject
Project("{FAE04EC0-301F-11D3-BF4B-00C04F79EFBC}") = "ReportesTramites", "ReporteTramite\ReportesTramites.csproj", "{F93C7C55-7590-45B8-876D-6F1D85B141CC}"
EndProject
Project("{FAE04EC0-301F-11D3-BF4B-00C04F79EFBC}") = "CorreosDelEcuador", "CorreosDelEcuador\CorreosDelEcuador.csproj", "{D39C6D4A-915B-4CD6-AAE3-EDAE4D64A7C4}"
EndProject
Project("{FAE04EC0-301F-11D3-BF4B-00C04F79EFBC}") = "Usuario", "..\CTGWebAppClassesVS2010\Usuario\Usuario.csproj", "{ECD65F2A-2011-42E9-A5FB-7FD999E9D391}"
EndProject
Project("{FAE04EC0-301F-11D3-BF4B-00C04F79EFBC}") = "OptionDropDownList", "..\CTGWebAppClassesVS2010\OptionDropDownList\OptionDropDownList.csproj", "{835C9518-C7FD-4AD0-9868-36162D19668C}"
EndProject
Project("{E24C65DC-7377-472B-9ABA-BC803B73C61A}") = "Contact", "http://localhost/Contact", "{AB818727-0F99-48E9-88C9-88D8657DFAA2}"
	ProjectSection(WebsiteProperties) = preProject
		TargetFrameworkMoniker = ".NETFramework,Version%3Dv4.0"
		ProjectReferences = "{66A6ECC3-BC72-4E41-8683-8633E9A5D0B6}|CaptchaImage.dll;{BC38F8BC-F695-4EAC-B411-6922AEF9A998}|Constantes.dll;{F2FE322C-CE24-4A37-941F-2551E77170B2}|AccesoDatos.dll;"
		Debug.AspNetCompiler.VirtualPath = "/Contact"
		Debug.AspNetCompiler.PhysicalPath = "..\..\inetpub\wwwroot\Contact\"
		Debug.AspNetCompiler.TargetPath = "PrecompiledWeb\Contact\"
		Debug.AspNetCompiler.Updateable = "true"
		Debug.AspNetCompiler.ForceOverwrite = "true"
		Debug.AspNetCompiler.FixedNames = "false"
		Debug.AspNetCompiler.Debug = "True"
		Release.AspNetCompiler.VirtualPath = "/Contact"
		Release.AspNetCompiler.PhysicalPath = "..\..\inetpub\wwwroot\Contact\"
		Release.AspNetCompiler.TargetPath = "PrecompiledWeb\Contact\"
		Release.AspNetCompiler.Updateable = "true"
		Release.AspNetCompiler.ForceOverwrite = "true"
		Release.AspNetCompiler.FixedNames = "false"
		Release.AspNetCompiler.Debug = "False"
		SlnRelativePath = "..\..\inetpub\wwwroot\Contact\"
		DefaultWebSiteLanguage = "Visual C#"
	EndProjectSection
EndProject
Global
	GlobalSection(TestCaseManagementSettings) = postSolution
		CategoryFile = PortalTrxCTG.vsmdi
	EndGlobalSection
	GlobalSection(SolutionConfigurationPlatforms) = preSolution
		Debug|.NET = Debug|.NET
		Debug|Any CPU = Debug|Any CPU
		Debug|Mixed Platforms = Debug|Mixed Platforms
		Debug|x86 = Debug|x86
		Release|.NET = Release|.NET
		Release|Any CPU = Release|Any CPU
		Release|Mixed Platforms = Release|Mixed Platforms
		Release|x86 = Release|x86
	EndGlobalSection
	GlobalSection(ProjectConfigurationPlatforms) = postSolution
		{3A861CF2-0FFE-4764-AB58-45CAA11B4081}.Debug|.NET.ActiveCfg = Debug|.NET
		{3A861CF2-0FFE-4764-AB58-45CAA11B4081}.Debug|.NET.Build.0 = Debug|.NET
		{3A861CF2-0FFE-4764-AB58-45CAA11B4081}.Debug|Any CPU.ActiveCfg = Debug|.NET
		{3A861CF2-0FFE-4764-AB58-45CAA11B4081}.Debug|Mixed Platforms.ActiveCfg = Debug|.NET
		{3A861CF2-0FFE-4764-AB58-45CAA11B4081}.Debug|Mixed Platforms.Build.0 = Debug|.NET
		{3A861CF2-0FFE-4764-AB58-45CAA11B4081}.Debug|x86.ActiveCfg = Debug|.NET
		{3A861CF2-0FFE-4764-AB58-45CAA11B4081}.Release|.NET.ActiveCfg = Debug|.NET
		{3A861CF2-0FFE-4764-AB58-45CAA11B4081}.Release|.NET.Build.0 = Debug|.NET
		{3A861CF2-0FFE-4764-AB58-45CAA11B4081}.Release|Any CPU.ActiveCfg = Debug|.NET
		{3A861CF2-0FFE-4764-AB58-45CAA11B4081}.Release|Mixed Platforms.ActiveCfg = Debug|.NET
		{3A861CF2-0FFE-4764-AB58-45CAA11B4081}.Release|Mixed Platforms.Build.0 = Debug|.NET
		{3A861CF2-0FFE-4764-AB58-45CAA11B4081}.Release|x86.ActiveCfg = Debug|.NET
		{F2FE322C-CE24-4A37-941F-2551E77170B2}.Debug|.NET.ActiveCfg = Debug|Any CPU
		{F2FE322C-CE24-4A37-941F-2551E77170B2}.Debug|Any CPU.ActiveCfg = Debug|Any CPU
		{F2FE322C-CE24-4A37-941F-2551E77170B2}.Debug|Any CPU.Build.0 = Debug|Any CPU
		{F2FE322C-CE24-4A37-941F-2551E77170B2}.Debug|Mixed Platforms.ActiveCfg = Debug|Any CPU
		{F2FE322C-CE24-4A37-941F-2551E77170B2}.Debug|Mixed Platforms.Build.0 = Debug|Any CPU
		{F2FE322C-CE24-4A37-941F-2551E77170B2}.Debug|x86.ActiveCfg = Debug|Any CPU
		{F2FE322C-CE24-4A37-941F-2551E77170B2}.Release|.NET.ActiveCfg = Release|Any CPU
		{F2FE322C-CE24-4A37-941F-2551E77170B2}.Release|Any CPU.ActiveCfg = Release|Any CPU
		{F2FE322C-CE24-4A37-941F-2551E77170B2}.Release|Any CPU.Build.0 = Release|Any CPU
		{F2FE322C-CE24-4A37-941F-2551E77170B2}.Release|Mixed Platforms.ActiveCfg = Release|Any CPU
		{F2FE322C-CE24-4A37-941F-2551E77170B2}.Release|Mixed Platforms.Build.0 = Release|Any CPU
		{F2FE322C-CE24-4A37-941F-2551E77170B2}.Release|x86.ActiveCfg = Release|Any CPU
		{5F3E85F4-85EC-4EE1-9A70-AC9DFCF6C281}.Debug|.NET.ActiveCfg = Debug|Any CPU
		{5F3E85F4-85EC-4EE1-9A70-AC9DFCF6C281}.Debug|Any CPU.ActiveCfg = Debug|Any CPU
		{5F3E85F4-85EC-4EE1-9A70-AC9DFCF6C281}.Debug|Any CPU.Build.0 = Debug|Any CPU
		{5F3E85F4-85EC-4EE1-9A70-AC9DFCF6C281}.Debug|Mixed Platforms.ActiveCfg = Debug|Any CPU
		{5F3E85F4-85EC-4EE1-9A70-AC9DFCF6C281}.Debug|Mixed Platforms.Build.0 = Debug|Any CPU
		{5F3E85F4-85EC-4EE1-9A70-AC9DFCF6C281}.Debug|x86.ActiveCfg = Debug|Any CPU
		{5F3E85F4-85EC-4EE1-9A70-AC9DFCF6C281}.Release|.NET.ActiveCfg = Release|Any CPU
		{5F3E85F4-85EC-4EE1-9A70-AC9DFCF6C281}.Release|Any CPU.ActiveCfg = Release|Any CPU
		{5F3E85F4-85EC-4EE1-9A70-AC9DFCF6C281}.Release|Any CPU.Build.0 = Release|Any CPU
		{5F3E85F4-85EC-4EE1-9A70-AC9DFCF6C281}.Release|Mixed Platforms.ActiveCfg = Release|Any CPU
		{5F3E85F4-85EC-4EE1-9A70-AC9DFCF6C281}.Release|Mixed Platforms.Build.0 = Release|Any CPU
		{5F3E85F4-85EC-4EE1-9A70-AC9DFCF6C281}.Release|x86.ActiveCfg = Release|Any CPU
		{BC38F8BC-F695-4EAC-B411-6922AEF9A998}.Debug|.NET.ActiveCfg = Debug|Any CPU
		{BC38F8BC-F695-4EAC-B411-6922AEF9A998}.Debug|Any CPU.ActiveCfg = Debug|Any CPU
		{BC38F8BC-F695-4EAC-B411-6922AEF9A998}.Debug|Any CPU.Build.0 = Debug|Any CPU
		{BC38F8BC-F695-4EAC-B411-6922AEF9A998}.Debug|Mixed Platforms.ActiveCfg = Debug|Any CPU
		{BC38F8BC-F695-4EAC-B411-6922AEF9A998}.Debug|Mixed Platforms.Build.0 = Debug|Any CPU
		{BC38F8BC-F695-4EAC-B411-6922AEF9A998}.Debug|x86.ActiveCfg = Debug|Any CPU
		{BC38F8BC-F695-4EAC-B411-6922AEF9A998}.Release|.NET.ActiveCfg = Release|Any CPU
		{BC38F8BC-F695-4EAC-B411-6922AEF9A998}.Release|Any CPU.ActiveCfg = Release|Any CPU
		{BC38F8BC-F695-4EAC-B411-6922AEF9A998}.Release|Any CPU.Build.0 = Release|Any CPU
		{BC38F8BC-F695-4EAC-B411-6922AEF9A998}.Release|Mixed Platforms.ActiveCfg = Release|Any CPU
		{BC38F8BC-F695-4EAC-B411-6922AEF9A998}.Release|Mixed Platforms.Build.0 = Release|Any CPU
		{BC38F8BC-F695-4EAC-B411-6922AEF9A998}.Release|x86.ActiveCfg = Release|Any CPU
		{543898B2-2C62-4916-B7BC-063A79FCECB0}.Debug|.NET.ActiveCfg = Debug|Any CPU
		{543898B2-2C62-4916-B7BC-063A79FCECB0}.Debug|Any CPU.ActiveCfg = Debug|Any CPU
		{543898B2-2C62-4916-B7BC-063A79FCECB0}.Debug|Any CPU.Build.0 = Debug|Any CPU
		{543898B2-2C62-4916-B7BC-063A79FCECB0}.Debug|Mixed Platforms.ActiveCfg = Debug|Any CPU
		{543898B2-2C62-4916-B7BC-063A79FCECB0}.Debug|Mixed Platforms.Build.0 = Debug|Any CPU
		{543898B2-2C62-4916-B7BC-063A79FCECB0}.Debug|x86.ActiveCfg = Debug|Any CPU
		{543898B2-2C62-4916-B7BC-063A79FCECB0}.Release|.NET.ActiveCfg = Release|Any CPU
		{543898B2-2C62-4916-B7BC-063A79FCECB0}.Release|Any CPU.ActiveCfg = Release|Any CPU
		{543898B2-2C62-4916-B7BC-063A79FCECB0}.Release|Any CPU.Build.0 = Release|Any CPU
		{543898B2-2C62-4916-B7BC-063A79FCECB0}.Release|Mixed Platforms.ActiveCfg = Release|Any CPU
		{543898B2-2C62-4916-B7BC-063A79FCECB0}.Release|Mixed Platforms.Build.0 = Release|Any CPU
		{543898B2-2C62-4916-B7BC-063A79FCECB0}.Release|x86.ActiveCfg = Release|Any CPU
		{D31D319B-E918-4E36-8A89-CB7360506783}.Debug|.NET.ActiveCfg = Debug|Any CPU
		{D31D319B-E918-4E36-8A89-CB7360506783}.Debug|Any CPU.ActiveCfg = Debug|Any CPU
		{D31D319B-E918-4E36-8A89-CB7360506783}.Debug|Any CPU.Build.0 = Debug|Any CPU
		{D31D319B-E918-4E36-8A89-CB7360506783}.Debug|Mixed Platforms.ActiveCfg = Debug|Any CPU
		{D31D319B-E918-4E36-8A89-CB7360506783}.Debug|Mixed Platforms.Build.0 = Debug|Any CPU
		{D31D319B-E918-4E36-8A89-CB7360506783}.Debug|x86.ActiveCfg = Debug|Any CPU
		{D31D319B-E918-4E36-8A89-CB7360506783}.Release|.NET.ActiveCfg = Release|Any CPU
		{D31D319B-E918-4E36-8A89-CB7360506783}.Release|Any CPU.ActiveCfg = Release|Any CPU
		{D31D319B-E918-4E36-8A89-CB7360506783}.Release|Any CPU.Build.0 = Release|Any CPU
		{D31D319B-E918-4E36-8A89-CB7360506783}.Release|Mixed Platforms.ActiveCfg = Release|Any CPU
		{D31D319B-E918-4E36-8A89-CB7360506783}.Release|Mixed Platforms.Build.0 = Release|Any CPU
		{D31D319B-E918-4E36-8A89-CB7360506783}.Release|x86.ActiveCfg = Release|Any CPU
		{66A6ECC3-BC72-4E41-8683-8633E9A5D0B6}.Debug|.NET.ActiveCfg = Debug|Any CPU
		{66A6ECC3-BC72-4E41-8683-8633E9A5D0B6}.Debug|Any CPU.ActiveCfg = Debug|Any CPU
		{66A6ECC3-BC72-4E41-8683-8633E9A5D0B6}.Debug|Any CPU.Build.0 = Debug|Any CPU
		{66A6ECC3-BC72-4E41-8683-8633E9A5D0B6}.Debug|Mixed Platforms.ActiveCfg = Debug|Any CPU
		{66A6ECC3-BC72-4E41-8683-8633E9A5D0B6}.Debug|Mixed Platforms.Build.0 = Debug|Any CPU
		{66A6ECC3-BC72-4E41-8683-8633E9A5D0B6}.Debug|x86.ActiveCfg = Debug|Any CPU
		{66A6ECC3-BC72-4E41-8683-8633E9A5D0B6}.Release|.NET.ActiveCfg = Release|Any CPU
		{66A6ECC3-BC72-4E41-8683-8633E9A5D0B6}.Release|Any CPU.ActiveCfg = Release|Any CPU
		{66A6ECC3-BC72-4E41-8683-8633E9A5D0B6}.Release|Any CPU.Build.0 = Release|Any CPU
		{66A6ECC3-BC72-4E41-8683-8633E9A5D0B6}.Release|Mixed Platforms.ActiveCfg = Release|Any CPU
		{66A6ECC3-BC72-4E41-8683-8633E9A5D0B6}.Release|Mixed Platforms.Build.0 = Release|Any CPU
		{66A6ECC3-BC72-4E41-8683-8633E9A5D0B6}.Release|x86.ActiveCfg = Release|Any CPU
		{ED2F2D38-4E7E-459A-9C9E-6268CEECFC16}.Debug|.NET.ActiveCfg = Debug|Any CPU
		{ED2F2D38-4E7E-459A-9C9E-6268CEECFC16}.Debug|Any CPU.ActiveCfg = Debug|Any CPU
		{ED2F2D38-4E7E-459A-9C9E-6268CEECFC16}.Debug|Any CPU.Build.0 = Debug|Any CPU
		{ED2F2D38-4E7E-459A-9C9E-6268CEECFC16}.Debug|Mixed Platforms.ActiveCfg = Debug|Any CPU
		{ED2F2D38-4E7E-459A-9C9E-6268CEECFC16}.Debug|Mixed Platforms.Build.0 = Debug|Any CPU
		{ED2F2D38-4E7E-459A-9C9E-6268CEECFC16}.Debug|x86.ActiveCfg = Debug|Any CPU
		{ED2F2D38-4E7E-459A-9C9E-6268CEECFC16}.Release|.NET.ActiveCfg = Release|Any CPU
		{ED2F2D38-4E7E-459A-9C9E-6268CEECFC16}.Release|Any CPU.ActiveCfg = Release|Any CPU
		{ED2F2D38-4E7E-459A-9C9E-6268CEECFC16}.Release|Any CPU.Build.0 = Release|Any CPU
		{ED2F2D38-4E7E-459A-9C9E-6268CEECFC16}.Release|Mixed Platforms.ActiveCfg = Release|Any CPU
		{ED2F2D38-4E7E-459A-9C9E-6268CEECFC16}.Release|Mixed Platforms.Build.0 = Release|Any CPU
		{ED2F2D38-4E7E-459A-9C9E-6268CEECFC16}.Release|x86.ActiveCfg = Release|Any CPU
		{1404D347-29DD-417F-9C91-E40681C3D7FB}.Debug|.NET.ActiveCfg = Debug|Any CPU
		{1404D347-29DD-417F-9C91-E40681C3D7FB}.Debug|Any CPU.ActiveCfg = Debug|Any CPU
		{1404D347-29DD-417F-9C91-E40681C3D7FB}.Debug|Any CPU.Build.0 = Debug|Any CPU
		{1404D347-29DD-417F-9C91-E40681C3D7FB}.Debug|Mixed Platforms.ActiveCfg = Debug|Any CPU
		{1404D347-29DD-417F-9C91-E40681C3D7FB}.Debug|Mixed Platforms.Build.0 = Debug|Any CPU
		{1404D347-29DD-417F-9C91-E40681C3D7FB}.Debug|x86.ActiveCfg = Debug|Any CPU
		{1404D347-29DD-417F-9C91-E40681C3D7FB}.Release|.NET.ActiveCfg = Release|Any CPU
		{1404D347-29DD-417F-9C91-E40681C3D7FB}.Release|Any CPU.ActiveCfg = Release|Any CPU
		{1404D347-29DD-417F-9C91-E40681C3D7FB}.Release|Any CPU.Build.0 = Release|Any CPU
		{1404D347-29DD-417F-9C91-E40681C3D7FB}.Release|Mixed Platforms.ActiveCfg = Release|Any CPU
		{1404D347-29DD-417F-9C91-E40681C3D7FB}.Release|Mixed Platforms.Build.0 = Release|Any CPU
		{1404D347-29DD-417F-9C91-E40681C3D7FB}.Release|x86.ActiveCfg = Release|Any CPU
		{721ECC83-A7F8-4837-85A9-19CD3C6B4F88}.Debug|.NET.ActiveCfg = Debug|Any CPU
		{721ECC83-A7F8-4837-85A9-19CD3C6B4F88}.Debug|Any CPU.ActiveCfg = Debug|Any CPU
		{721ECC83-A7F8-4837-85A9-19CD3C6B4F88}.Debug|Any CPU.Build.0 = Debug|Any CPU
		{721ECC83-A7F8-4837-85A9-19CD3C6B4F88}.Debug|Mixed Platforms.ActiveCfg = Debug|Any CPU
		{721ECC83-A7F8-4837-85A9-19CD3C6B4F88}.Debug|Mixed Platforms.Build.0 = Debug|Any CPU
		{721ECC83-A7F8-4837-85A9-19CD3C6B4F88}.Debug|x86.ActiveCfg = Debug|Any CPU
		{721ECC83-A7F8-4837-85A9-19CD3C6B4F88}.Release|.NET.ActiveCfg = Release|Any CPU
		{721ECC83-A7F8-4837-85A9-19CD3C6B4F88}.Release|Any CPU.ActiveCfg = Release|Any CPU
		{721ECC83-A7F8-4837-85A9-19CD3C6B4F88}.Release|Any CPU.Build.0 = Release|Any CPU
		{721ECC83-A7F8-4837-85A9-19CD3C6B4F88}.Release|Mixed Platforms.ActiveCfg = Release|Any CPU
		{721ECC83-A7F8-4837-85A9-19CD3C6B4F88}.Release|Mixed Platforms.Build.0 = Release|Any CPU
		{721ECC83-A7F8-4837-85A9-19CD3C6B4F88}.Release|x86.ActiveCfg = Release|Any CPU
		{0D95FD9F-DBA8-4133-B45E-D94196D33DAC}.Debug|.NET.ActiveCfg = Debug|Any CPU
		{0D95FD9F-DBA8-4133-B45E-D94196D33DAC}.Debug|Any CPU.ActiveCfg = Debug|Any CPU
		{0D95FD9F-DBA8-4133-B45E-D94196D33DAC}.Debug|Any CPU.Build.0 = Debug|Any CPU
		{0D95FD9F-DBA8-4133-B45E-D94196D33DAC}.Debug|Mixed Platforms.ActiveCfg = Debug|Any CPU
		{0D95FD9F-DBA8-4133-B45E-D94196D33DAC}.Debug|Mixed Platforms.Build.0 = Debug|Any CPU
		{0D95FD9F-DBA8-4133-B45E-D94196D33DAC}.Debug|x86.ActiveCfg = Debug|Any CPU
		{0D95FD9F-DBA8-4133-B45E-D94196D33DAC}.Release|.NET.ActiveCfg = Release|Any CPU
		{0D95FD9F-DBA8-4133-B45E-D94196D33DAC}.Release|Any CPU.ActiveCfg = Release|Any CPU
		{0D95FD9F-DBA8-4133-B45E-D94196D33DAC}.Release|Any CPU.Build.0 = Release|Any CPU
		{0D95FD9F-DBA8-4133-B45E-D94196D33DAC}.Release|Mixed Platforms.ActiveCfg = Release|Any CPU
		{0D95FD9F-DBA8-4133-B45E-D94196D33DAC}.Release|Mixed Platforms.Build.0 = Release|Any CPU
		{0D95FD9F-DBA8-4133-B45E-D94196D33DAC}.Release|x86.ActiveCfg = Release|Any CPU
		{B75BB757-3454-4CEE-B150-0F56D9E44330}.Debug|.NET.ActiveCfg = Debug|Any CPU
		{B75BB757-3454-4CEE-B150-0F56D9E44330}.Debug|Any CPU.ActiveCfg = Debug|Any CPU
		{B75BB757-3454-4CEE-B150-0F56D9E44330}.Debug|Any CPU.Build.0 = Debug|Any CPU
		{B75BB757-3454-4CEE-B150-0F56D9E44330}.Debug|Mixed Platforms.ActiveCfg = Debug|Any CPU
		{B75BB757-3454-4CEE-B150-0F56D9E44330}.Debug|Mixed Platforms.Build.0 = Debug|Any CPU
		{B75BB757-3454-4CEE-B150-0F56D9E44330}.Debug|x86.ActiveCfg = Debug|Any CPU
		{B75BB757-3454-4CEE-B150-0F56D9E44330}.Release|.NET.ActiveCfg = Release|Any CPU
		{B75BB757-3454-4CEE-B150-0F56D9E44330}.Release|Any CPU.ActiveCfg = Release|Any CPU
		{B75BB757-3454-4CEE-B150-0F56D9E44330}.Release|Any CPU.Build.0 = Release|Any CPU
		{B75BB757-3454-4CEE-B150-0F56D9E44330}.Release|Mixed Platforms.ActiveCfg = Release|Any CPU
		{B75BB757-3454-4CEE-B150-0F56D9E44330}.Release|Mixed Platforms.Build.0 = Release|Any CPU
		{B75BB757-3454-4CEE-B150-0F56D9E44330}.Release|x86.ActiveCfg = Release|Any CPU
		{2773D7DB-A17F-479E-ACD6-0CE02E793F19}.Debug|.NET.ActiveCfg = Debug|Any CPU
		{2773D7DB-A17F-479E-ACD6-0CE02E793F19}.Debug|Any CPU.ActiveCfg = Debug|Any CPU
		{2773D7DB-A17F-479E-ACD6-0CE02E793F19}.Debug|Any CPU.Build.0 = Debug|Any CPU
		{2773D7DB-A17F-479E-ACD6-0CE02E793F19}.Debug|Mixed Platforms.ActiveCfg = Debug|Any CPU
		{2773D7DB-A17F-479E-ACD6-0CE02E793F19}.Debug|Mixed Platforms.Build.0 = Debug|Any CPU
		{2773D7DB-A17F-479E-ACD6-0CE02E793F19}.Debug|x86.ActiveCfg = Debug|Any CPU
		{2773D7DB-A17F-479E-ACD6-0CE02E793F19}.Release|.NET.ActiveCfg = Release|Any CPU
		{2773D7DB-A17F-479E-ACD6-0CE02E793F19}.Release|Any CPU.ActiveCfg = Release|Any CPU
		{2773D7DB-A17F-479E-ACD6-0CE02E793F19}.Release|Any CPU.Build.0 = Release|Any CPU
		{2773D7DB-A17F-479E-ACD6-0CE02E793F19}.Release|Mixed Platforms.ActiveCfg = Release|Any CPU
		{2773D7DB-A17F-479E-ACD6-0CE02E793F19}.Release|Mixed Platforms.Build.0 = Release|Any CPU
		{2773D7DB-A17F-479E-ACD6-0CE02E793F19}.Release|x86.ActiveCfg = Release|Any CPU
		{F93C7C55-7590-45B8-876D-6F1D85B141CC}.Debug|.NET.ActiveCfg = Debug|Any CPU
		{F93C7C55-7590-45B8-876D-6F1D85B141CC}.Debug|Any CPU.ActiveCfg = Debug|Any CPU
		{F93C7C55-7590-45B8-876D-6F1D85B141CC}.Debug|Any CPU.Build.0 = Debug|Any CPU
		{F93C7C55-7590-45B8-876D-6F1D85B141CC}.Debug|Mixed Platforms.ActiveCfg = Debug|Any CPU
		{F93C7C55-7590-45B8-876D-6F1D85B141CC}.Debug|Mixed Platforms.Build.0 = Debug|Any CPU
		{F93C7C55-7590-45B8-876D-6F1D85B141CC}.Debug|x86.ActiveCfg = Debug|Any CPU
		{F93C7C55-7590-45B8-876D-6F1D85B141CC}.Release|.NET.ActiveCfg = Release|Any CPU
		{F93C7C55-7590-45B8-876D-6F1D85B141CC}.Release|Any CPU.ActiveCfg = Release|Any CPU
		{F93C7C55-7590-45B8-876D-6F1D85B141CC}.Release|Any CPU.Build.0 = Release|Any CPU
		{F93C7C55-7590-45B8-876D-6F1D85B141CC}.Release|Mixed Platforms.ActiveCfg = Release|Any CPU
		{F93C7C55-7590-45B8-876D-6F1D85B141CC}.Release|Mixed Platforms.Build.0 = Release|Any CPU
		{F93C7C55-7590-45B8-876D-6F1D85B141CC}.Release|x86.ActiveCfg = Release|Any CPU
		{D39C6D4A-915B-4CD6-AAE3-EDAE4D64A7C4}.Debug|.NET.ActiveCfg = Debug|Any CPU
		{D39C6D4A-915B-4CD6-AAE3-EDAE4D64A7C4}.Debug|Any CPU.ActiveCfg = Debug|Any CPU
		{D39C6D4A-915B-4CD6-AAE3-EDAE4D64A7C4}.Debug|Any CPU.Build.0 = Debug|Any CPU
		{D39C6D4A-915B-4CD6-AAE3-EDAE4D64A7C4}.Debug|Mixed Platforms.ActiveCfg = Debug|Any CPU
		{D39C6D4A-915B-4CD6-AAE3-EDAE4D64A7C4}.Debug|Mixed Platforms.Build.0 = Debug|Any CPU
		{D39C6D4A-915B-4CD6-AAE3-EDAE4D64A7C4}.Debug|x86.ActiveCfg = Debug|Any CPU
		{D39C6D4A-915B-4CD6-AAE3-EDAE4D64A7C4}.Release|.NET.ActiveCfg = Release|Any CPU
		{D39C6D4A-915B-4CD6-AAE3-EDAE4D64A7C4}.Release|Any CPU.ActiveCfg = Release|Any CPU
		{D39C6D4A-915B-4CD6-AAE3-EDAE4D64A7C4}.Release|Any CPU.Build.0 = Release|Any CPU
		{D39C6D4A-915B-4CD6-AAE3-EDAE4D64A7C4}.Release|Mixed Platforms.ActiveCfg = Release|Any CPU
		{D39C6D4A-915B-4CD6-AAE3-EDAE4D64A7C4}.Release|Mixed Platforms.Build.0 = Release|Any CPU
		{D39C6D4A-915B-4CD6-AAE3-EDAE4D64A7C4}.Release|x86.ActiveCfg = Release|Any CPU
		{ECD65F2A-2011-42E9-A5FB-7FD999E9D391}.Debug|.NET.ActiveCfg = Debug|Any CPU
		{ECD65F2A-2011-42E9-A5FB-7FD999E9D391}.Debug|Any CPU.ActiveCfg = Debug|Any CPU
		{ECD65F2A-2011-42E9-A5FB-7FD999E9D391}.Debug|Any CPU.Build.0 = Debug|Any CPU
		{ECD65F2A-2011-42E9-A5FB-7FD999E9D391}.Debug|Mixed Platforms.ActiveCfg = Debug|Any CPU
		{ECD65F2A-2011-42E9-A5FB-7FD999E9D391}.Debug|Mixed Platforms.Build.0 = Debug|Any CPU
		{ECD65F2A-2011-42E9-A5FB-7FD999E9D391}.Debug|x86.ActiveCfg = Debug|Any CPU
		{ECD65F2A-2011-42E9-A5FB-7FD999E9D391}.Release|.NET.ActiveCfg = Release|Any CPU
		{ECD65F2A-2011-42E9-A5FB-7FD999E9D391}.Release|Any CPU.ActiveCfg = Release|Any CPU
		{ECD65F2A-2011-42E9-A5FB-7FD999E9D391}.Release|Any CPU.Build.0 = Release|Any CPU
		{ECD65F2A-2011-42E9-A5FB-7FD999E9D391}.Release|Mixed Platforms.ActiveCfg = Release|Any CPU
		{ECD65F2A-2011-42E9-A5FB-7FD999E9D391}.Release|Mixed Platforms.Build.0 = Release|Any CPU
		{ECD65F2A-2011-42E9-A5FB-7FD999E9D391}.Release|x86.ActiveCfg = Release|Any CPU
		{835C9518-C7FD-4AD0-9868-36162D19668C}.Debug|.NET.ActiveCfg = Debug|Any CPU
		{835C9518-C7FD-4AD0-9868-36162D19668C}.Debug|Any CPU.ActiveCfg = Debug|Any CPU
		{835C9518-C7FD-4AD0-9868-36162D19668C}.Debug|Any CPU.Build.0 = Debug|Any CPU
		{835C9518-C7FD-4AD0-9868-36162D19668C}.Debug|Mixed Platforms.ActiveCfg = Debug|Any CPU
		{835C9518-C7FD-4AD0-9868-36162D19668C}.Debug|Mixed Platforms.Build.0 = Debug|Any CPU
		{835C9518-C7FD-4AD0-9868-36162D19668C}.Debug|x86.ActiveCfg = Debug|Any CPU
		{835C9518-C7FD-4AD0-9868-36162D19668C}.Release|.NET.ActiveCfg = Release|Any CPU
		{835C9518-C7FD-4AD0-9868-36162D19668C}.Release|Any CPU.ActiveCfg = Release|Any CPU
		{835C9518-C7FD-4AD0-9868-36162D19668C}.Release|Any CPU.Build.0 = Release|Any CPU
		{835C9518-C7FD-4AD0-9868-36162D19668C}.Release|Mixed Platforms.ActiveCfg = Release|Any CPU
		{835C9518-C7FD-4AD0-9868-36162D19668C}.Release|Mixed Platforms.Build.0 = Release|Any CPU
		{835C9518-C7FD-4AD0-9868-36162D19668C}.Release|x86.ActiveCfg = Release|Any CPU
		{AB818727-0F99-48E9-88C9-88D8657DFAA2}.Debug|.NET.ActiveCfg = Debug|Any CPU
		{AB818727-0F99-48E9-88C9-88D8657DFAA2}.Debug|Any CPU.ActiveCfg = Debug|Any CPU
		{AB818727-0F99-48E9-88C9-88D8657DFAA2}.Debug|Any CPU.Build.0 = Debug|Any CPU
		{AB818727-0F99-48E9-88C9-88D8657DFAA2}.Debug|Mixed Platforms.ActiveCfg = Debug|Any CPU
		{AB818727-0F99-48E9-88C9-88D8657DFAA2}.Debug|Mixed Platforms.Build.0 = Debug|Any CPU
		{AB818727-0F99-48E9-88C9-88D8657DFAA2}.Debug|x86.ActiveCfg = Debug|Any CPU
		{AB818727-0F99-48E9-88C9-88D8657DFAA2}.Release|.NET.ActiveCfg = Debug|Any CPU
		{AB818727-0F99-48E9-88C9-88D8657DFAA2}.Release|Any CPU.ActiveCfg = Debug|Any CPU
		{AB818727-0F99-48E9-88C9-88D8657DFAA2}.Release|Any CPU.Build.0 = Debug|Any CPU
		{AB818727-0F99-48E9-88C9-88D8657DFAA2}.Release|Mixed Platforms.ActiveCfg = Debug|Any CPU
		{AB818727-0F99-48E9-88C9-88D8657DFAA2}.Release|Mixed Platforms.Build.0 = Debug|Any CPU
		{AB818727-0F99-48E9-88C9-88D8657DFAA2}.Release|x86.ActiveCfg = Debug|Any CPU
	EndGlobalSection
	GlobalSection(SolutionProperties) = preSolution
		HideSolutionNode = FALSE
	EndGlobalSection
EndGlobal
